
Microsoft Visual Studio Solution File, Format Version 12.00
# Visual Studio 15
VisualStudioVersion = 15.0.28307.106
MinimumVisualStudioVersion = 10.0.40219.1
Project("{FAE04EC0-301F-11D3-BF4B-00C04F79EFBC}") = "PoPUpModal", "PoPUpModal\PoPUpModal.csproj", "{0D3D9F41-55C7-4746-A44A-3307E475DFB3}"
EndProject
Global
	GlobalSection(SolutionConfigurationPlatforms) = preSolution
		Debug|Any CPU = Debug|Any CPU
		Release|Any CPU = Release|Any CPU
	EndGlobalSection
	GlobalSection(ProjectConfigurationPlatforms) = postSolution
		{0D3D9F41-55C7-4746-A44A-3307E475DFB3}.Debug|Any CPU.ActiveCfg = Debug|Any CPU
		{0D3D9F41-55C7-4746-A44A-3307E475DFB3}.Debug|Any CPU.Build.0 = Debug|Any CPU
		{0D3D9F41-55C7-4746-A44A-3307E475DFB3}.Release|Any CPU.ActiveCfg = Release|Any CPU
		{0D3D9F41-55C7-4746-A44A-3307E475DFB3}.Release|Any CPU.Build.0 = Release|Any CPU
	EndGlobalSection
	GlobalSection(SolutionProperties) = preSolution
		HideSolutionNode = FALSE
	EndGlobalSection
	GlobalSection(ExtensibilityGlobals) = postSolution
		SolutionGuid = {41EAB4C6-10B2-4078-A0C2-D98032DC1B5E}
	EndGlobalSection
EndGlobal
